{
    "_readme": [
        "This file locks the dependencies of your project to a known state",
        "Read more about it at https://getcomposer.org/doc/01-basic-usage.md#installing-dependencies",
        "This file is @generated automatically"
    ],
    "content-hash": "751a91019369081f0b8cebd602c27057",
    "packages": [
        {
            "name": "halimonalexander/dispatcher",
            "version": "dev-master",
            "source": {
                "type": "git",
                "url": "https://github.com/halimonalexander/dispatcher.git",
                "reference": "aa71cd7c1e2d1c63d92c17dd78efdd600bd34381"
            },
            "dist": {
                "type": "zip",
                "url": "https://api.github.com/repos/halimonalexander/dispatcher/zipball/aa71cd7c1e2d1c63d92c17dd78efdd600bd34381",
                "reference": "aa71cd7c1e2d1c63d92c17dd78efdd600bd34381",
                "shasum": ""
            },
            "require": {
                "php": "^7.2"
            },
            "type": "library",
            "autoload": {
                "psr-4": {
                    "HalimonAlexander\\Dispatcher\\": "src/"
                }
            },
            "notification-url": "https://packagist.org/downloads/",
            "license": [
                "BSD-3-Clause"
            ],
            "authors": [
                {
                    "name": "Halimon Alexander",
                    "email": "vvthanatos@gmail.com",
                    "role": "lead"
                }
            ],
            "description": "Dispatcher library",
            "homepage": "https://github.com/halimonalexander/dispatcher",
            "time": "2018-06-06T07:55:27+00:00"
        },
        {
            "name": "halimonalexander/input",
            "version": "dev-master",
            "source": {
                "type": "git",
                "url": "https://github.com/halimonalexander/input.git",
                "reference": "007227446fc935ec2d01ff095a7a16374dd70554"
            },
            "dist": {
                "type": "zip",
                "url": "https://api.github.com/repos/halimonalexander/input/zipball/007227446fc935ec2d01ff095a7a16374dd70554",
                "reference": "007227446fc935ec2d01ff095a7a16374dd70554",
                "shasum": ""
            },
            "require": {
                "ext-json": "*",
                "php": "^7.2"
            },
            "type": "library",
            "autoload": {
                "psr-4": {
                    "HalimonAlexander\\Input\\": "src/"
                }
            },
            "notification-url": "https://packagist.org/downloads/",
            "license": [
                "BSD-3-Clause"
            ],
            "authors": [
                {
                    "name": "Halimon Alexander",
                    "email": "vvthanatos@gmail.com",
                    "role": "lead"
                }
            ],
            "description": "Input library",
            "homepage": "https://github.com/halimonalexander/input",
            "time": "2019-09-26T05:20:32+00:00"
        },
        {
            "name": "halimonalexander/pdodecorator",
            "version": "dev-master",
            "source": {
                "type": "git",
                "url": "https://github.com/halimonalexander/pdodecorator.git",
                "reference": "0a52c68e62021105402fe9646036d4da073b0bb3"
            },
            "dist": {
                "type": "zip",
                "url": "https://api.github.com/repos/halimonalexander/pdodecorator/zipball/0a52c68e62021105402fe9646036d4da073b0bb3",
                "reference": "0a52c68e62021105402fe9646036d4da073b0bb3",
                "shasum": ""
            },
            "require": {
                "php": "^7.2"
            },
            "require-dev": {
                "phpunit/phpunit": "^6.4"
            },
            "type": "library",
            "autoload": {
                "psr-4": {
                    "HalimonAlexander\\PDODecorator\\": "src/"
                }
            },
            "notification-url": "https://packagist.org/downloads/",
            "license": [
                "BSD-3-Clause"
            ],
            "authors": [
                {
                    "name": "Halimon Alexander",
                    "email": "vvthanatos@gmail.com",
                    "role": "lead"
                }
            ],
            "description": "PDO Decorator class",
            "homepage": "https://github.com/halimonalexander/pdodecorator",
            "time": "2018-07-03T06:48:42+00:00"
        },
        {
            "name": "halimonalexander/registry",
            "version": "dev-master",
            "source": {
                "type": "git",
                "url": "https://github.com/halimonalexander/registry.git",
                "reference": "970d4c7cfb95d66b3deefdb6eeed5c55b4fbd0a5"
            },
            "dist": {
                "type": "zip",
                "url": "https://api.github.com/repos/halimonalexander/registry/zipball/970d4c7cfb95d66b3deefdb6eeed5c55b4fbd0a5",
                "reference": "970d4c7cfb95d66b3deefdb6eeed5c55b4fbd0a5",
                "shasum": ""
            },
            "require": {
                "php": "^7.2"
            },
            "require-dev": {
                "codeclimate/php-test-reporter": "dev-master",
                "php-coveralls/php-coveralls": "^2.0",
                "phpunit/phpunit": "^6.3"
            },
            "type": "library",
            "autoload": {
                "psr-4": {
                    "HalimonAlexander\\Registry\\": "src/"
                }
            },
            "notification-url": "https://packagist.org/downloads/",
            "license": [
                "BSD-3-Clause"
            ],
            "authors": [
                {
                    "name": "Halimon Alexander",
                    "email": "vvthanatos@gmail.com",
                    "role": "lead"
                }
            ],
            "description": "Registry library",
            "homepage": "https://github.com/halimonalexander/registry",
            "keywords": [
                "registry"
            ],
            "time": "2019-04-07T04:43:41+00:00"
        },
        {
            "name": "halimonalexander/routerlite",
            "version": "dev-master",
            "source": {
                "type": "git",
                "url": "https://github.com/halimonalexander/routerlite.git",
                "reference": "3c703cb894f6170d058c6b762ab332958f2bd077"
            },
            "dist": {
                "type": "zip",
                "url": "https://api.github.com/repos/halimonalexander/routerlite/zipball/3c703cb894f6170d058c6b762ab332958f2bd077",
                "reference": "3c703cb894f6170d058c6b762ab332958f2bd077",
                "shasum": ""
            },
            "require": {
                "php": "^7.2"
            },
            "require-dev": {
                "phpunit/phpunit": "^6.4"
            },
            "type": "library",
            "autoload": {
                "psr-4": {
                    "HalimonAlexander\\RouterLite\\": "src/"
                }
            },
            "notification-url": "https://packagist.org/downloads/",
            "license": [
                "BSD-3-Clause"
            ],
            "authors": [
                {
                    "name": "Halimon Alexander",
                    "email": "vvthanatos@gmail.com",
                    "role": "lead"
                }
            ],
            "description": "Fast and easy router",
            "homepage": "https://github.com/halimonalexander/routerlite",
            "keywords": [
                "router",
                "uri"
            ],
            "time": "2018-06-06T07:55:26+00:00"
        },
        {
            "name": "halimonalexander/sid",
            "version": "dev-master",
            "source": {
                "type": "git",
                "url": "https://github.com/halimonalexander/sid.git",
                "reference": "49ed366a4cfce8ebb046446fd4eae872581d6077"
            },
            "dist": {
                "type": "zip",
                "url": "https://api.github.com/repos/halimonalexander/sid/zipball/49ed366a4cfce8ebb046446fd4eae872581d6077",
                "reference": "49ed366a4cfce8ebb046446fd4eae872581d6077",
                "shasum": ""
            },
            "require": {
                "php": "^7.2"
            },
            "require-dev": {
                "codeclimate/php-test-reporter": "dev-master",
                "php-coveralls/php-coveralls": "^2.0",
                "phpunit/phpunit": "^6.4"
            },
            "type": "library",
            "autoload": {
                "psr-4": {
                    "HalimonAlexander\\Sid\\": "src/"
                }
            },
            "notification-url": "https://packagist.org/downloads/",
            "license": [
                "BSD-3-Clause"
            ],
            "authors": [
                {
                    "name": "Halimon Alexander",
                    "email": "vvthanatos@gmail.com",
                    "role": "lead"
                }
            ],
            "description": "SID - Sequence Identifier class",
            "homepage": "https://github.com/halimonalexander/sid",
            "time": "2019-05-11T05:33:42+00:00"
        },
        {
            "name": "symfony/polyfill-ctype",
            "version": "dev-master",
            "source": {
                "type": "git",
                "url": "https://github.com/symfony/polyfill-ctype.git",
                "reference": "4719fa9c18b0464d399f1a63bf624b42b6fa8d14"
            },
            "dist": {
                "type": "zip",
                "url": "https://api.github.com/repos/symfony/polyfill-ctype/zipball/4719fa9c18b0464d399f1a63bf624b42b6fa8d14",
                "reference": "4719fa9c18b0464d399f1a63bf624b42b6fa8d14",
                "shasum": ""
            },
            "require": {
                "php": ">=5.3.3"
            },
            "suggest": {
                "ext-ctype": "For best performance"
            },
            "type": "library",
            "extra": {
                "branch-alias": {
                    "dev-master": "1.15-dev"
                }
            },
            "autoload": {
                "psr-4": {
                    "Symfony\\Polyfill\\Ctype\\": ""
                },
                "files": [
                    "bootstrap.php"
                ]
            },
            "notification-url": "https://packagist.org/downloads/",
            "license": [
                "MIT"
            ],
            "authors": [
                {
                    "name": "Gert de Pagter",
                    "email": "BackEndTea@gmail.com"
                },
                {
                    "name": "Symfony Community",
                    "homepage": "https://symfony.com/contributors"
                }
            ],
            "description": "Symfony polyfill for ctype functions",
            "homepage": "https://symfony.com",
            "keywords": [
                "compatibility",
                "ctype",
                "polyfill",
                "portable"
            ],
            "time": "2020-02-27T09:26:54+00:00"
        },
        {
            "name": "symfony/polyfill-mbstring",
            "version": "dev-master",
            "source": {
                "type": "git",
                "url": "https://github.com/symfony/polyfill-mbstring.git",
                "reference": "81ffd3a9c6d707be22e3012b827de1c9775fc5ac"
            },
            "dist": {
                "type": "zip",
                "url": "https://api.github.com/repos/symfony/polyfill-mbstring/zipball/81ffd3a9c6d707be22e3012b827de1c9775fc5ac",
                "reference": "81ffd3a9c6d707be22e3012b827de1c9775fc5ac",
                "shasum": ""
            },
            "require": {
                "php": ">=5.3.3"
            },
            "suggest": {
                "ext-mbstring": "For best performance"
            },
            "type": "library",
            "extra": {
                "branch-alias": {
                    "dev-master": "1.15-dev"
                }
            },
            "autoload": {
                "psr-4": {
                    "Symfony\\Polyfill\\Mbstring\\": ""
                },
                "files": [
                    "bootstrap.php"
                ]
            },
            "notification-url": "https://packagist.org/downloads/",
            "license": [
                "MIT"
            ],
            "authors": [
                {
                    "name": "Nicolas Grekas",
                    "email": "p@tchwork.com"
                },
                {
                    "name": "Symfony Community",
                    "homepage": "https://symfony.com/contributors"
                }
            ],
            "description": "Symfony polyfill for the Mbstring extension",
            "homepage": "https://symfony.com",
            "keywords": [
                "compatibility",
                "mbstring",
                "polyfill",
                "portable",
                "shim"
            ],
            "time": "2020-03-09T19:04:49+00:00"
        },
        {
            "name": "symfony/yaml",
            "version": "4.4.x-dev",
            "source": {
                "type": "git",
                "url": "https://github.com/symfony/yaml.git",
                "reference": "b385dce1c0e9f839b384af90188638819433e252"
            },
            "dist": {
                "type": "zip",
                "url": "https://api.github.com/repos/symfony/yaml/zipball/b385dce1c0e9f839b384af90188638819433e252",
                "reference": "b385dce1c0e9f839b384af90188638819433e252",
                "shasum": ""
            },
            "require": {
                "php": "^7.1.3",
                "symfony/polyfill-ctype": "~1.8"
            },
            "conflict": {
                "symfony/console": "<3.4"
            },
            "require-dev": {
                "symfony/console": "^3.4|^4.0|^5.0"
            },
            "suggest": {
                "symfony/console": "For validating YAML files using the lint command"
            },
            "type": "library",
            "extra": {
                "branch-alias": {
                    "dev-master": "4.4-dev"
                }
            },
            "autoload": {
                "psr-4": {
                    "Symfony\\Component\\Yaml\\": ""
                },
                "exclude-from-classmap": [
                    "/Tests/"
                ]
            },
            "notification-url": "https://packagist.org/downloads/",
            "license": [
                "MIT"
            ],
            "authors": [
                {
                    "name": "Fabien Potencier",
                    "email": "fabien@symfony.com"
                },
                {
                    "name": "Symfony Community",
                    "homepage": "https://symfony.com/contributors"
                }
            ],
            "description": "Symfony Yaml Component",
            "homepage": "https://symfony.com",
            "time": "2020-04-28T17:55:16+00:00"
        },
        {
            "name": "twig/twig",
            "version": "2.x-dev",
            "source": {
                "type": "git",
                "url": "https://github.com/twigphp/Twig.git",
                "reference": "de4e46e77ee5a3d3af46ddbdb70d3f6cf3ff28f9"
            },
            "dist": {
                "type": "zip",
                "url": "https://api.github.com/repos/twigphp/Twig/zipball/de4e46e77ee5a3d3af46ddbdb70d3f6cf3ff28f9",
                "reference": "de4e46e77ee5a3d3af46ddbdb70d3f6cf3ff28f9",
                "shasum": ""
            },
            "require": {
                "php": "^7.0",
                "symfony/polyfill-ctype": "^1.8",
                "symfony/polyfill-mbstring": "^1.3"
            },
            "require-dev": {
                "psr/container": "^1.0",
                "symfony/phpunit-bridge": "^4.4|^5.0"
            },
            "type": "library",
            "extra": {
                "branch-alias": {
                    "dev-master": "2.12-dev"
                }
            },
            "autoload": {
                "psr-0": {
                    "Twig_": "lib/"
                },
                "psr-4": {
                    "Twig\\": "src/"
                }
            },
            "notification-url": "https://packagist.org/downloads/",
            "license": [
                "BSD-3-Clause"
            ],
            "authors": [
                {
                    "name": "Fabien Potencier",
                    "email": "fabien@symfony.com",
                    "homepage": "http://fabien.potencier.org",
                    "role": "Lead Developer"
                },
                {
                    "name": "Twig Team",
                    "role": "Contributors"
                },
                {
                    "name": "Armin Ronacher",
                    "email": "armin.ronacher@active-4.com",
                    "role": "Project Founder"
                }
            ],
            "description": "Twig, the flexible, fast, and secure template language for PHP",
            "homepage": "https://twig.symfony.com",
            "keywords": [
                "templating"
            ],
            "time": "2020-04-24T06:31:39+00:00"
        }
    ],
    "packages-dev": [],
    "aliases": [],
    "minimum-stability": "dev",
    "stability-flags": [],
    "prefer-stable": false,
    "prefer-lowest": false,
    "platform": {
        "php": "^7.2"
    },
    "platform-dev": []
}
